
Microsoft Visual Studio Solution File, Format Version 12.00
# Visual Studio Version 17
VisualStudioVersion = 17.9.34701.34
MinimumVisualStudioVersion = 10.0.40219.1
Project("{FAE04EC0-301F-11D3-BF4B-00C04F79EFBC}") = "CodePipeLineWorkflow", "CodePipeLineWorkflow\CodePipeLineWorkflow.csproj", "{2A45A408-2611-4B15-A0A8-9CB4D23D6BAA}"
EndProject
Global
	GlobalSection(SolutionConfigurationPlatforms) = preSolution
		Debug|Any CPU = Debug|Any CPU
		Release|Any CPU = Release|Any CPU
	EndGlobalSection
	GlobalSection(ProjectConfigurationPlatforms) = postSolution
		{2A45A408-2611-4B15-A0A8-9CB4D23D6BAA}.Debug|Any CPU.ActiveCfg = Debug|Any CPU
		{2A45A408-2611-4B15-A0A8-9CB4D23D6BAA}.Debug|Any CPU.Build.0 = Debug|Any CPU
		{2A45A408-2611-4B15-A0A8-9CB4D23D6BAA}.Release|Any CPU.ActiveCfg = Release|Any CPU
		{2A45A408-2611-4B15-A0A8-9CB4D23D6BAA}.Release|Any CPU.Build.0 = Release|Any CPU
	EndGlobalSection
	GlobalSection(SolutionProperties) = preSolution
		HideSolutionNode = FALSE
	EndGlobalSection
	GlobalSection(ExtensibilityGlobals) = postSolution
		SolutionGuid = {EAF686F7-59B1-465B-B8B2-3C5567EFD880}
	EndGlobalSection
EndGlobal
